Microsoft Visual Studio Solution File, Format Version 12.00
# Visual Studio Version 17
VisualStudioVersion = 17.5.2.0
MinimumVisualStudioVersion = 10.0.40219.1
Project("{FAE04EC0-301F-11D3-BF4B-00C04F79EFBC}") = "TouchBehaviorIos", "TouchBehaviorIos.csproj", "{0063E320-CFCB-180B-51AE-59DD25312E87}"
EndProject
Global
	GlobalSection(SolutionConfigurationPlatforms) = preSolution
		Debug|Any CPU = Debug|Any CPU
		Release|Any CPU = Release|Any CPU
	EndGlobalSection
	GlobalSection(ProjectConfigurationPlatforms) = postSolution
		{0063E320-CFCB-180B-51AE-59DD25312E87}.Debug|Any CPU.ActiveCfg = Debug|Any CPU
		{0063E320-CFCB-180B-51AE-59DD25312E87}.Debug|Any CPU.Build.0 = Debug|Any CPU
		{0063E320-CFCB-180B-51AE-59DD25312E87}.Release|Any CPU.ActiveCfg = Release|Any CPU
		{0063E320-CFCB-180B-51AE-59DD25312E87}.Release|Any CPU.Build.0 = Release|Any CPU
	EndGlobalSection
	GlobalSection(SolutionProperties) = preSolution
		HideSolutionNode = FALSE
	EndGlobalSection
	GlobalSection(ExtensibilityGlobals) = postSolution
		SolutionGuid = {0A4D69DD-5B8C-4C8F-8DB0-7DA7467CD07F}
	EndGlobalSection
EndGlobal
